
Microsoft Visual Studio Solution File, Format Version 12.00
# Visual Studio Version 17
VisualStudioVersion = 17.9.34607.119
MinimumVisualStudioVersion = 10.0.40219.1
Project("{FAE04EC0-301F-11D3-BF4B-00C04F79EFBC}") = "PROG_Ice Task 2_ST10072500_Priya", "PROG_Ice Task 2_ST10072500_Priya.csproj", "{EE48D471-A4EA-4609-940E-F5461605EEF7}"
EndProject
Global
	GlobalSection(SolutionConfigurationPlatforms) = preSolution
		Debug|Any CPU = Debug|Any CPU
		Release|Any CPU = Release|Any CPU
	EndGlobalSection
	GlobalSection(ProjectConfigurationPlatforms) = postSolution
		{EE48D471-A4EA-4609-940E-F5461605EEF7}.Debug|Any CPU.ActiveCfg = Debug|Any CPU
		{EE48D471-A4EA-4609-940E-F5461605EEF7}.Debug|Any CPU.Build.0 = Debug|Any CPU
		{EE48D471-A4EA-4609-940E-F5461605EEF7}.Release|Any CPU.ActiveCfg = Release|Any CPU
		{EE48D471-A4EA-4609-940E-F5461605EEF7}.Release|Any CPU.Build.0 = Release|Any CPU
	EndGlobalSection
	GlobalSection(SolutionProperties) = preSolution
		HideSolutionNode = FALSE
	EndGlobalSection
	GlobalSection(ExtensibilityGlobals) = postSolution
		SolutionGuid = {3C580516-D0BB-4720-9B67-259AD419CCED}
	EndGlobalSection
EndGlobal
